
Microsoft Visual Studio Solution File, Format Version 12.00
# Visual Studio Version 17
VisualStudioVersion = 17.3.32929.385
MinimumVisualStudioVersion = 10.0.40219.1
Project("{9A19103F-16F7-4668-BE54-9A1E7A4F7556}") = "ByteBank", "ByteBank\ByteBank.csproj", "{00EB1E1F-D64C-457D-B7AB-7D56CC6D3EB7}"
EndProject
Project("{9A19103F-16F7-4668-BE54-9A1E7A4F7556}") = "DesafioSistemaMedico", "Desafio - Sistema médico\DesafioSistemaMedico.csproj", "{A8EE9C69-85EB-4477-87EA-3A27A76D5E32}"
EndProject
Global
	GlobalSection(SolutionConfigurationPlatforms) = preSolution
		Debug|Any CPU = Debug|Any CPU
		Release|Any CPU = Release|Any CPU
	EndGlobalSection
	GlobalSection(ProjectConfigurationPlatforms) = postSolution
		{00EB1E1F-D64C-457D-B7AB-7D56CC6D3EB7}.Debug|Any CPU.ActiveCfg = Debug|Any CPU
		{00EB1E1F-D64C-457D-B7AB-7D56CC6D3EB7}.Debug|Any CPU.Build.0 = Debug|Any CPU
		{00EB1E1F-D64C-457D-B7AB-7D56CC6D3EB7}.Release|Any CPU.ActiveCfg = Release|Any CPU
		{00EB1E1F-D64C-457D-B7AB-7D56CC6D3EB7}.Release|Any CPU.Build.0 = Release|Any CPU
		{A8EE9C69-85EB-4477-87EA-3A27A76D5E32}.Debug|Any CPU.ActiveCfg = Debug|Any CPU
		{A8EE9C69-85EB-4477-87EA-3A27A76D5E32}.Debug|Any CPU.Build.0 = Debug|Any CPU
		{A8EE9C69-85EB-4477-87EA-3A27A76D5E32}.Release|Any CPU.ActiveCfg = Release|Any CPU
		{A8EE9C69-85EB-4477-87EA-3A27A76D5E32}.Release|Any CPU.Build.0 = Release|Any CPU
	EndGlobalSection
	GlobalSection(SolutionProperties) = preSolution
		HideSolutionNode = FALSE
	EndGlobalSection
	GlobalSection(ExtensibilityGlobals) = postSolution
		SolutionGuid = {7933791E-27DD-48B5-B934-7B2064281080}
	EndGlobalSection
EndGlobal
